
Microsoft Visual Studio Solution File, Format Version 12.00
# Visual Studio Version 17
VisualStudioVersion = 17.10.34825.169
MinimumVisualStudioVersion = 10.0.40219.1
Project("{FAE04EC0-301F-11D3-BF4B-00C04F79EFBC}") = "AglLightProbeTool", "AglLightProbeTool.csproj", "{2F8B1A91-BB18-4EB1-BEA4-766B0F70CDBB}"
EndProject
Global
	GlobalSection(SolutionConfigurationPlatforms) = preSolution
		Debug|Any CPU = Debug|Any CPU
		Release|Any CPU = Release|Any CPU
	EndGlobalSection
	GlobalSection(ProjectConfigurationPlatforms) = postSolution
		{2F8B1A91-BB18-4EB1-BEA4-766B0F70CDBB}.Debug|Any CPU.ActiveCfg = Debug|Any CPU
		{2F8B1A91-BB18-4EB1-BEA4-766B0F70CDBB}.Debug|Any CPU.Build.0 = Debug|Any CPU
		{2F8B1A91-BB18-4EB1-BEA4-766B0F70CDBB}.Release|Any CPU.ActiveCfg = Release|Any CPU
		{2F8B1A91-BB18-4EB1-BEA4-766B0F70CDBB}.Release|Any CPU.Build.0 = Release|Any CPU
	EndGlobalSection
	GlobalSection(SolutionProperties) = preSolution
		HideSolutionNode = FALSE
	EndGlobalSection
	GlobalSection(ExtensibilityGlobals) = postSolution
		SolutionGuid = {07A511A9-A271-4FDF-8082-C80EE29A9DC1}
	EndGlobalSection
EndGlobal
